
Microsoft Visual Studio Solution File, Format Version 12.00
# Visual Studio Version 16
VisualStudioVersion = 16.0.28803.352
MinimumVisualStudioVersion = 10.0.40219.1
Project("{FAE04EC0-301F-11D3-BF4B-00C04F79EFBC}") = "GrandMA2 Patcher", "GrandMA2 Patcher.csproj", "{F520986F-4F51-4E2E-97A9-BDBF54195514}"
EndProject
Global
	GlobalSection(SolutionConfigurationPlatforms) = preSolution
		Debug|Any CPU = Debug|Any CPU
		Release|Any CPU = Release|Any CPU
	EndGlobalSection
	GlobalSection(ProjectConfigurationPlatforms) = postSolution
		{F520986F-4F51-4E2E-97A9-BDBF54195514}.Debug|Any CPU.ActiveCfg = Debug|Any CPU
		{F520986F-4F51-4E2E-97A9-BDBF54195514}.Debug|Any CPU.Build.0 = Debug|Any CPU
		{F520986F-4F51-4E2E-97A9-BDBF54195514}.Release|Any CPU.ActiveCfg = Release|Any CPU
		{F520986F-4F51-4E2E-97A9-BDBF54195514}.Release|Any CPU.Build.0 = Release|Any CPU
	EndGlobalSection
	GlobalSection(SolutionProperties) = preSolution
		HideSolutionNode = FALSE
	EndGlobalSection
	GlobalSection(ExtensibilityGlobals) = postSolution
		SolutionGuid = {1A954A4B-A838-4E39-A4D8-3F26866DD5F1}
	EndGlobalSection
EndGlobal
